
Microsoft Visual Studio Solution File, Format Version 12.00
# Visual Studio Version 16
VisualStudioVersion = 16.0.29503.13
MinimumVisualStudioVersion = 10.0.40219.1
Project("{FAE04EC0-301F-11D3-BF4B-00C04F79EFBC}") = "ProjectTest_wpf", "ProjectTest_wpf\ProjectTest_wpf.csproj", "{821910D2-1B7D-4EA1-972A-524AF9602BD1}"
EndProject
Global
	GlobalSection(SolutionConfigurationPlatforms) = preSolution
		Debug|Any CPU = Debug|Any CPU
		Release|Any CPU = Release|Any CPU
	EndGlobalSection
	GlobalSection(ProjectConfigurationPlatforms) = postSolution
		{821910D2-1B7D-4EA1-972A-524AF9602BD1}.Debug|Any CPU.ActiveCfg = Debug|Any CPU
		{821910D2-1B7D-4EA1-972A-524AF9602BD1}.Debug|Any CPU.Build.0 = Debug|Any CPU
		{821910D2-1B7D-4EA1-972A-524AF9602BD1}.Release|Any CPU.ActiveCfg = Release|Any CPU
		{821910D2-1B7D-4EA1-972A-524AF9602BD1}.Release|Any CPU.Build.0 = Release|Any CPU
	EndGlobalSection
	GlobalSection(SolutionProperties) = preSolution
		HideSolutionNode = FALSE
	EndGlobalSection
	GlobalSection(ExtensibilityGlobals) = postSolution
		SolutionGuid = {B028F4FC-8ACC-406A-A8E6-3F773249C0BA}
	EndGlobalSection
EndGlobal
